
Microsoft Visual Studio Solution File, Format Version 12.00
# Visual Studio 2012
Project("{E24C65DC-7377-472B-9ABA-BC803B73C61A}") = "3.allInputTypes", ".", "{3012FAD0-53C8-4A4A-8394-CBE5C4749481}"
	ProjectSection(WebsiteProperties) = preProject
		TargetFrameworkMoniker = ".NETFramework,Version%3Dv4.0"
		Debug.AspNetCompiler.VirtualPath = "/3.allInputTypes"
		Debug.AspNetCompiler.PhysicalPath = "..\html Projects\sliceNdice1.git\trunk\4.HTML_Everywhere\3.allInputTypes\"
		Debug.AspNetCompiler.TargetPath = "PrecompiledWeb\3.allInputTypes\"
		Debug.AspNetCompiler.Updateable = "true"
		Debug.AspNetCompiler.ForceOverwrite = "true"
		Debug.AspNetCompiler.FixedNames = "false"
		Debug.AspNetCompiler.Debug = "True"
		Release.AspNetCompiler.VirtualPath = "/3.allInputTypes"
		Release.AspNetCompiler.PhysicalPath = "..\html Projects\sliceNdice1.git\trunk\4.HTML_Everywhere\3.allInputTypes\"
		Release.AspNetCompiler.TargetPath = "PrecompiledWeb\3.allInputTypes\"
		Release.AspNetCompiler.Updateable = "true"
		Release.AspNetCompiler.ForceOverwrite = "true"
		Release.AspNetCompiler.FixedNames = "false"
		Release.AspNetCompiler.Debug = "False"
		VWDPort = "53998"
	EndProjectSection
EndProject
Global
	GlobalSection(SolutionConfigurationPlatforms) = preSolution
		Debug|Any CPU = Debug|Any CPU
	EndGlobalSection
	GlobalSection(ProjectConfigurationPlatforms) = postSolution
		{3012FAD0-53C8-4A4A-8394-CBE5C4749481}.Debug|Any CPU.ActiveCfg = Debug|Any CPU
		{3012FAD0-53C8-4A4A-8394-CBE5C4749481}.Debug|Any CPU.Build.0 = Debug|Any CPU
	EndGlobalSection
	GlobalSection(SolutionProperties) = preSolution
		HideSolutionNode = FALSE
	EndGlobalSection
EndGlobal
